
Microsoft Visual Studio Solution File, Format Version 12.00
# Visual Studio Version 16
VisualStudioVersion = 16.0.31729.503
MinimumVisualStudioVersion = 10.0.40219.1
Project("{FAE04EC0-301F-11D3-BF4B-00C04F79EFBC}") = "PragueParkingV1", "PragueParkingV1\PragueParkingV1.csproj", "{1E46902E-3DBA-44E8-AFB9-310858AB4BFF}"
EndProject
Global
	GlobalSection(SolutionConfigurationPlatforms) = preSolution
		Debug|Any CPU = Debug|Any CPU
		Release|Any CPU = Release|Any CPU
	EndGlobalSection
	GlobalSection(ProjectConfigurationPlatforms) = postSolution
		{1E46902E-3DBA-44E8-AFB9-310858AB4BFF}.Debug|Any CPU.ActiveCfg = Debug|Any CPU
		{1E46902E-3DBA-44E8-AFB9-310858AB4BFF}.Debug|Any CPU.Build.0 = Debug|Any CPU
		{1E46902E-3DBA-44E8-AFB9-310858AB4BFF}.Release|Any CPU.ActiveCfg = Release|Any CPU
		{1E46902E-3DBA-44E8-AFB9-310858AB4BFF}.Release|Any CPU.Build.0 = Release|Any CPU
	EndGlobalSection
	GlobalSection(SolutionProperties) = preSolution
		HideSolutionNode = FALSE
	EndGlobalSection
	GlobalSection(ExtensibilityGlobals) = postSolution
		SolutionGuid = {61FA76B0-E110-4CE7-B77D-F501909C2266}
	EndGlobalSection
EndGlobal
